version: 6
environments:
  default:
    channels:
    - url: https://conda.anaconda.org/conda-forge/
    packages:
      osx-arm64:
      - conda: https://conda.anaconda.org/conda-forge/osx-arm64/brotli-python-1.1.0-py313h3579c5c_2.conda
      - conda: https://conda.anaconda.org/conda-forge/osx-arm64/bzip2-1.0.8-h99b78c6_7.conda
      - conda: https://conda.anaconda.org/conda-forge/osx-arm64/ca-certificates-2024.12.14-hf0a4a13_0.conda
      - conda: https://conda.anaconda.org/conda-forge/noarch/certifi-2024.12.14-pyhd8ed1ab_0.conda
      - conda: https://conda.anaconda.org/conda-forge/osx-arm64/cffi-1.17.1-py313hc845a76_0.conda
      - conda: https://conda.anaconda.org/conda-forge/noarch/charset-normalizer-3.4.0-pyhd8ed1ab_1.conda
      - conda: https://conda.anaconda.org/conda-forge/noarch/click-8.1.8-pyh707e725_0.conda
      - conda: https://conda.anaconda.org/conda-forge/noarch/h2-4.1.0-pyhd8ed1ab_1.conda
      - conda: https://conda.anaconda.org/conda-forge/noarch/hpack-4.0.0-pyhd8ed1ab_1.conda
      - conda: https://conda.anaconda.org/conda-forge/noarch/hyperframe-6.0.1-pyhd8ed1ab_1.conda
      - conda: https://conda.anaconda.org/conda-forge/noarch/idna-3.10-pyhd8ed1ab_1.conda
      - conda: https://conda.anaconda.org/conda-forge/osx-arm64/libcxx-19.1.6-ha82da77_1.conda
      - conda: https://conda.anaconda.org/conda-forge/osx-arm64/libexpat-2.6.4-h286801f_0.conda
      - conda: https://conda.anaconda.org/conda-forge/osx-arm64/libffi-3.4.2-h3422bc3_5.tar.bz2
      - conda: https://conda.anaconda.org/conda-forge/osx-arm64/liblzma-5.6.3-h39f12f2_1.conda
      - conda: https://conda.anaconda.org/conda-forge/osx-arm64/libmpdec-4.0.0-h99b78c6_0.conda
      - conda: https://conda.anaconda.org/conda-forge/osx-arm64/libsqlite-3.47.2-h3f77e49_0.conda
      - conda: https://conda.anaconda.org/conda-forge/osx-arm64/libzlib-1.3.1-h8359307_2.conda
      - conda: https://conda.anaconda.org/conda-forge/noarch/markdown-it-py-3.0.0-pyhd8ed1ab_1.conda
      - conda: https://conda.anaconda.org/conda-forge/noarch/mdurl-0.1.2-pyhd8ed1ab_1.conda
      - conda: https://conda.anaconda.org/conda-forge/osx-arm64/ncurses-6.5-h7bae524_1.conda
      - conda: https://conda.anaconda.org/conda-forge/osx-arm64/openssl-3.4.0-h39f12f2_0.conda
      - conda: https://conda.anaconda.org/conda-forge/noarch/pycparser-2.22-pyh29332c3_1.conda
      - conda: https://conda.anaconda.org/conda-forge/noarch/pygments-2.18.0-pyhd8ed1ab_1.conda
      - conda: https://conda.anaconda.org/conda-forge/noarch/pysocks-1.7.1-pyha55dd90_7.conda
      - conda: https://conda.anaconda.org/conda-forge/osx-arm64/python-3.13.1-h4f43103_102_cp313.conda
      - conda: https://conda.anaconda.org/conda-forge/osx-arm64/python_abi-3.13-5_cp313.conda
      - conda: https://conda.anaconda.org/conda-forge/osx-arm64/readline-8.2-h92ec313_1.conda
      - conda: https://conda.anaconda.org/conda-forge/noarch/requests-2.32.3-pyhd8ed1ab_1.conda
      - conda: https://conda.anaconda.org/conda-forge/noarch/rich-13.9.4-pyhd8ed1ab_1.conda
      - conda: https://conda.anaconda.org/conda-forge/noarch/shellingham-1.5.4-pyhd8ed1ab_1.conda
      - conda: https://conda.anaconda.org/conda-forge/osx-arm64/tk-8.6.13-h5083fa2_1.conda
      - conda: https://conda.anaconda.org/conda-forge/noarch/typer-0.15.1-pyhd8ed1ab_0.conda
      - conda: https://conda.anaconda.org/conda-forge/noarch/typer-slim-0.15.1-pyhd8ed1ab_0.conda
      - conda: https://conda.anaconda.org/conda-forge/noarch/typer-slim-standard-0.15.1-hd8ed1ab_0.conda
      - conda: https://conda.anaconda.org/conda-forge/noarch/typing_extensions-4.12.2-pyha770c72_1.conda
      - conda: https://conda.anaconda.org/conda-forge/noarch/tzdata-2024b-hc8b5060_0.conda
      - conda: https://conda.anaconda.org/conda-forge/noarch/urllib3-2.3.0-pyhd8ed1ab_0.conda
      - conda: https://conda.anaconda.org/conda-forge/osx-arm64/zstandard-0.23.0-py313hf2da073_1.conda
      - conda: https://conda.anaconda.org/conda-forge/osx-arm64/zstd-1.5.6-hb46c0d2_0.conda
  dev:
    channels:
    - url: https://conda.anaconda.org/conda-forge/
    packages:
      osx-arm64:
      - conda: https://conda.anaconda.org/conda-forge/osx-arm64/brotli-python-1.1.0-py313h3579c5c_2.conda
      - conda: https://conda.anaconda.org/conda-forge/osx-arm64/bzip2-1.0.8-h99b78c6_7.conda
      - conda: https://conda.anaconda.org/conda-forge/osx-arm64/ca-certificates-2024.12.14-hf0a4a13_0.conda
      - conda: https://conda.anaconda.org/conda-forge/noarch/certifi-2024.12.14-pyhd8ed1ab_0.conda
      - conda: https://conda.anaconda.org/conda-forge/osx-arm64/cffi-1.17.1-py313hc845a76_0.conda
      - conda: https://conda.anaconda.org/conda-forge/noarch/cfgv-3.3.1-pyhd8ed1ab_1.conda
      - conda: https://conda.anaconda.org/conda-forge/noarch/charset-normalizer-3.4.0-pyhd8ed1ab_1.conda
      - conda: https://conda.anaconda.org/conda-forge/noarch/click-8.1.8-pyh707e725_0.conda
      - conda: https://conda.anaconda.org/conda-forge/noarch/distlib-0.3.9-pyhd8ed1ab_1.conda
      - conda: https://conda.anaconda.org/conda-forge/noarch/filelock-3.16.1-pyhd8ed1ab_1.conda
      - conda: https://conda.anaconda.org/conda-forge/noarch/h2-4.1.0-pyhd8ed1ab_1.conda
      - conda: https://conda.anaconda.org/conda-forge/noarch/hpack-4.0.0-pyhd8ed1ab_1.conda
      - conda: https://conda.anaconda.org/conda-forge/noarch/hyperframe-6.0.1-pyhd8ed1ab_1.conda
      - conda: https://conda.anaconda.org/conda-forge/noarch/identify-2.6.4-pyhd8ed1ab_0.conda
      - conda: https://conda.anaconda.org/conda-forge/noarch/idna-3.10-pyhd8ed1ab_1.conda
      - conda: https://conda.anaconda.org/conda-forge/osx-arm64/libcxx-19.1.6-ha82da77_1.conda
      - conda: https://conda.anaconda.org/conda-forge/osx-arm64/libexpat-2.6.4-h286801f_0.conda
      - conda: https://conda.anaconda.org/conda-forge/osx-arm64/libffi-3.4.2-h3422bc3_5.tar.bz2
      - conda: https://conda.anaconda.org/conda-forge/osx-arm64/liblzma-5.6.3-h39f12f2_1.conda
      - conda: https://conda.anaconda.org/conda-forge/osx-arm64/libmpdec-4.0.0-h99b78c6_0.conda
      - conda: https://conda.anaconda.org/conda-forge/osx-arm64/libsqlite-3.47.2-h3f77e49_0.conda
      - conda: https://conda.anaconda.org/conda-forge/osx-arm64/libzlib-1.3.1-h8359307_2.conda
      - conda: https://conda.anaconda.org/conda-forge/noarch/markdown-it-py-3.0.0-pyhd8ed1ab_1.conda
      - conda: https://conda.anaconda.org/conda-forge/noarch/mdurl-0.1.2-pyhd8ed1ab_1.conda
      - conda: https://conda.anaconda.org/conda-forge/osx-arm64/ncurses-6.5-h7bae524_1.conda
      - conda: https://conda.anaconda.org/conda-forge/noarch/nodeenv-1.9.1-pyhd8ed1ab_1.conda
      - conda: https://conda.anaconda.org/conda-forge/osx-arm64/openssl-3.4.0-h39f12f2_0.conda
      - conda: https://conda.anaconda.org/conda-forge/noarch/platformdirs-4.3.6-pyhd8ed1ab_1.conda
      - conda: https://conda.anaconda.org/conda-forge/noarch/pre-commit-4.0.1-pyha770c72_1.conda
      - conda: https://conda.anaconda.org/conda-forge/noarch/pycparser-2.22-pyh29332c3_1.conda
      - conda: https://conda.anaconda.org/conda-forge/noarch/pygments-2.18.0-pyhd8ed1ab_1.conda
      - conda: https://conda.anaconda.org/conda-forge/noarch/pysocks-1.7.1-pyha55dd90_7.conda
      - conda: https://conda.anaconda.org/conda-forge/osx-arm64/python-3.13.1-h4f43103_102_cp313.conda
      - conda: https://conda.anaconda.org/conda-forge/osx-arm64/python_abi-3.13-5_cp313.conda
      - conda: https://conda.anaconda.org/conda-forge/osx-arm64/pyyaml-6.0.2-py313h20a7fcf_1.conda
      - conda: https://conda.anaconda.org/conda-forge/osx-arm64/readline-8.2-h92ec313_1.conda
      - conda: https://conda.anaconda.org/conda-forge/noarch/requests-2.32.3-pyhd8ed1ab_1.conda
      - conda: https://conda.anaconda.org/conda-forge/noarch/rich-13.9.4-pyhd8ed1ab_1.conda
      - conda: https://conda.anaconda.org/conda-forge/noarch/setuptools-75.6.0-pyhff2d567_1.conda
      - conda: https://conda.anaconda.org/conda-forge/noarch/shellingham-1.5.4-pyhd8ed1ab_1.conda
      - conda: https://conda.anaconda.org/conda-forge/osx-arm64/tk-8.6.13-h5083fa2_1.conda
      - conda: https://conda.anaconda.org/conda-forge/noarch/typer-0.15.1-pyhd8ed1ab_0.conda
      - conda: https://conda.anaconda.org/conda-forge/noarch/typer-slim-0.15.1-pyhd8ed1ab_0.conda
      - conda: https://conda.anaconda.org/conda-forge/noarch/typer-slim-standard-0.15.1-hd8ed1ab_0.conda
      - conda: https://conda.anaconda.org/conda-forge/noarch/typing_extensions-4.12.2-pyha770c72_1.conda
      - conda: https://conda.anaconda.org/conda-forge/noarch/tzdata-2024b-hc8b5060_0.conda
      - conda: https://conda.anaconda.org/conda-forge/osx-arm64/ukkonen-1.0.1-py313hf9c7212_5.conda
      - conda: https://conda.anaconda.org/conda-forge/noarch/urllib3-2.3.0-pyhd8ed1ab_0.conda
      - conda: https://conda.anaconda.org/conda-forge/noarch/virtualenv-20.28.0-pyhd8ed1ab_0.conda
      - conda: https://conda.anaconda.org/conda-forge/osx-arm64/yaml-0.2.5-h3422bc3_2.tar.bz2
      - conda: https://conda.anaconda.org/conda-forge/osx-arm64/zstandard-0.23.0-py313hf2da073_1.conda
      - conda: https://conda.anaconda.org/conda-forge/osx-arm64/zstd-1.5.6-hb46c0d2_0.conda
  test:
    channels:
    - url: https://conda.anaconda.org/conda-forge/
    packages:
      osx-arm64:
      - conda: https://conda.anaconda.org/conda-forge/osx-arm64/black-24.10.0-py313h8f79df9_0.conda
      - conda: https://conda.anaconda.org/conda-forge/osx-arm64/brotli-python-1.1.0-py313h3579c5c_2.conda
      - conda: https://conda.anaconda.org/conda-forge/osx-arm64/bzip2-1.0.8-h99b78c6_7.conda
      - conda: https://conda.anaconda.org/conda-forge/osx-arm64/ca-certificates-2024.12.14-hf0a4a13_0.conda
      - conda: https://conda.anaconda.org/conda-forge/noarch/certifi-2024.12.14-pyhd8ed1ab_0.conda
      - conda: https://conda.anaconda.org/conda-forge/osx-arm64/cffi-1.17.1-py313hc845a76_0.conda
      - conda: https://conda.anaconda.org/conda-forge/noarch/charset-normalizer-3.4.0-pyhd8ed1ab_1.conda
      - conda: https://conda.anaconda.org/conda-forge/noarch/click-8.1.8-pyh707e725_0.conda
      - conda: https://conda.anaconda.org/conda-forge/noarch/colorama-0.4.6-pyhd8ed1ab_1.conda
      - conda: https://conda.anaconda.org/conda-forge/osx-arm64/coverage-7.6.10-py313ha9b7d5b_0.conda
      - conda: https://conda.anaconda.org/conda-forge/noarch/exceptiongroup-1.2.2-pyhd8ed1ab_1.conda
      - conda: https://conda.anaconda.org/conda-forge/noarch/flake8-7.1.1-pyhd8ed1ab_1.conda
      - conda: https://conda.anaconda.org/conda-forge/noarch/h2-4.1.0-pyhd8ed1ab_1.conda
      - conda: https://conda.anaconda.org/conda-forge/noarch/hpack-4.0.0-pyhd8ed1ab_1.conda
      - conda: https://conda.anaconda.org/conda-forge/noarch/hyperframe-6.0.1-pyhd8ed1ab_1.conda
      - conda: https://conda.anaconda.org/conda-forge/noarch/idna-3.10-pyhd8ed1ab_1.conda
      - conda: https://conda.anaconda.org/conda-forge/noarch/iniconfig-2.0.0-pyhd8ed1ab_1.conda
      - conda: https://conda.anaconda.org/conda-forge/osx-arm64/libcxx-19.1.6-ha82da77_1.conda
      - conda: https://conda.anaconda.org/conda-forge/osx-arm64/libexpat-2.6.4-h286801f_0.conda
      - conda: https://conda.anaconda.org/conda-forge/osx-arm64/libffi-3.4.2-h3422bc3_5.tar.bz2
      - conda: https://conda.anaconda.org/conda-forge/osx-arm64/liblzma-5.6.3-h39f12f2_1.conda
      - conda: https://conda.anaconda.org/conda-forge/osx-arm64/libmpdec-4.0.0-h99b78c6_0.conda
      - conda: https://conda.anaconda.org/conda-forge/osx-arm64/libsqlite-3.47.2-h3f77e49_0.conda
      - conda: https://conda.anaconda.org/conda-forge/osx-arm64/libzlib-1.3.1-h8359307_2.conda
      - conda: https://conda.anaconda.org/conda-forge/noarch/markdown-it-py-3.0.0-pyhd8ed1ab_1.conda
      - conda: https://conda.anaconda.org/conda-forge/noarch/mccabe-0.7.0-pyhd8ed1ab_1.conda
      - conda: https://conda.anaconda.org/conda-forge/noarch/mdurl-0.1.2-pyhd8ed1ab_1.conda
      - conda: https://conda.anaconda.org/conda-forge/noarch/mock-5.1.0-pyhd8ed1ab_1.conda
      - conda: https://conda.anaconda.org/conda-forge/noarch/mypy_extensions-1.0.0-pyha770c72_1.conda
      - conda: https://conda.anaconda.org/conda-forge/osx-arm64/ncurses-6.5-h7bae524_1.conda
      - conda: https://conda.anaconda.org/conda-forge/osx-arm64/openssl-3.4.0-h39f12f2_0.conda
      - conda: https://conda.anaconda.org/conda-forge/noarch/packaging-24.2-pyhd8ed1ab_2.conda
      - conda: https://conda.anaconda.org/conda-forge/noarch/pathspec-0.12.1-pyhd8ed1ab_1.conda
      - conda: https://conda.anaconda.org/conda-forge/noarch/platformdirs-4.3.6-pyhd8ed1ab_1.conda
      - conda: https://conda.anaconda.org/conda-forge/noarch/pluggy-1.5.0-pyhd8ed1ab_1.conda
      - conda: https://conda.anaconda.org/conda-forge/noarch/pycodestyle-2.12.1-pyhd8ed1ab_1.conda
      - conda: https://conda.anaconda.org/conda-forge/noarch/pycparser-2.22-pyh29332c3_1.conda
      - conda: https://conda.anaconda.org/conda-forge/noarch/pyflakes-3.2.0-pyhd8ed1ab_1.conda
      - conda: https://conda.anaconda.org/conda-forge/noarch/pygments-2.18.0-pyhd8ed1ab_1.conda
      - conda: https://conda.anaconda.org/conda-forge/noarch/pysocks-1.7.1-pyha55dd90_7.conda
      - conda: https://conda.anaconda.org/conda-forge/noarch/pytest-8.3.4-pyhd8ed1ab_1.conda
      - conda: https://conda.anaconda.org/conda-forge/noarch/pytest-cov-6.0.0-pyhd8ed1ab_1.conda
      - conda: https://conda.anaconda.org/conda-forge/osx-arm64/python-3.13.1-h4f43103_102_cp313.conda
      - conda: https://conda.anaconda.org/conda-forge/osx-arm64/python_abi-3.13-5_cp313.conda
      - conda: https://conda.anaconda.org/conda-forge/osx-arm64/readline-8.2-h92ec313_1.conda
      - conda: https://conda.anaconda.org/conda-forge/noarch/requests-2.32.3-pyhd8ed1ab_1.conda
      - conda: https://conda.anaconda.org/conda-forge/noarch/rich-13.9.4-pyhd8ed1ab_1.conda
      - conda: https://conda.anaconda.org/conda-forge/noarch/shellingham-1.5.4-pyhd8ed1ab_1.conda
      - conda: https://conda.anaconda.org/conda-forge/osx-arm64/tk-8.6.13-h5083fa2_1.conda
      - conda: https://conda.anaconda.org/conda-forge/noarch/toml-0.10.2-pyhd8ed1ab_1.conda
      - conda: https://conda.anaconda.org/conda-forge/noarch/tomli-2.2.1-pyhd8ed1ab_1.conda
      - conda: https://conda.anaconda.org/conda-forge/noarch/typer-0.15.1-pyhd8ed1ab_0.conda
      - conda: https://conda.anaconda.org/conda-forge/noarch/typer-slim-0.15.1-pyhd8ed1ab_0.conda
      - conda: https://conda.anaconda.org/conda-forge/noarch/typer-slim-standard-0.15.1-hd8ed1ab_0.conda
      - conda: https://conda.anaconda.org/conda-forge/noarch/typing_extensions-4.12.2-pyha770c72_1.conda
      - conda: https://conda.anaconda.org/conda-forge/noarch/tzdata-2024b-hc8b5060_0.conda
      - conda: https://conda.anaconda.org/conda-forge/noarch/urllib3-2.3.0-pyhd8ed1ab_0.conda
      - conda: https://conda.anaconda.org/conda-forge/osx-arm64/zstandard-0.23.0-py313hf2da073_1.conda
      - conda: https://conda.anaconda.org/conda-forge/osx-arm64/zstd-1.5.6-hb46c0d2_0.conda
packages:
- conda: https://conda.anaconda.org/conda-forge/osx-arm64/black-24.10.0-py313h8f79df9_0.conda
  sha256: d715a26b2cedd0aaca82983a3582ea9ab662f078b49a4cceb2cc61d025f95bd5
  md5: 953f9d3da2b0358509ea0faec2f2311e
  depends:
  - click >=8.0.0
  - mypy_extensions >=0.4.3
  - packaging >=22.0
  - pathspec >=0.9
  - platformdirs >=2
  - python >=3.13,<3.14.0a0
  - python >=3.13,<3.14.0a0 *_cp313
  - python_abi 3.13.* *_cp313
  arch: arm64
  platform: osx
  license: MIT
  license_family: MIT
  size: 397986
  timestamp: 1728503908150
- conda: https://conda.anaconda.org/conda-forge/osx-arm64/brotli-python-1.1.0-py313h3579c5c_2.conda
  sha256: b0a66572f44570ee7cc960e223ca8600d26bb20cfb76f16b95adf13ec4ee3362
  md5: f3bee63c7b5d041d841aff05785c28b7
  depends:
  - __osx >=11.0
  - libcxx >=17
  - python >=3.13.0rc1,<3.14.0a0
  - python >=3.13.0rc1,<3.14.0a0 *_cp313
  - python_abi 3.13.* *_cp313
  constrains:
  - libbrotlicommon 1.1.0 hd74edd7_2
  arch: arm64
  platform: osx
  license: MIT
  license_family: MIT
  size: 339067
  timestamp: 1725268603536
- conda: https://conda.anaconda.org/conda-forge/osx-arm64/bzip2-1.0.8-h99b78c6_7.conda
  sha256: adfa71f158cbd872a36394c56c3568e6034aa55c623634b37a4836bd036e6b91
  md5: fc6948412dbbbe9a4c9ddbbcfe0a79ab
  depends:
  - __osx >=11.0
  arch: arm64
  platform: osx
  license: bzip2-1.0.6
  license_family: BSD
  size: 122909
  timestamp: 1720974522888
- conda: https://conda.anaconda.org/conda-forge/osx-arm64/ca-certificates-2024.12.14-hf0a4a13_0.conda
  sha256: 256be633fd0882ccc1a7a32bc278547e1703f85082c0789a87a603ee3ab8fb82
  md5: 7cb381a6783d91902638e4ed1ebd478e
  arch: arm64
  platform: osx
  license: ISC
  size: 157091
  timestamp: 1734208344343
- conda: https://conda.anaconda.org/conda-forge/noarch/certifi-2024.12.14-pyhd8ed1ab_0.conda
  sha256: 048c16a9cbcb1fbad02083414d3bc7c1d0eea4b39aee6aa6bf8d1d5089ca8bad
  md5: 6feb87357ecd66733be3279f16a8c400
  depends:
  - python >=3.9
  license: ISC
  size: 161642
  timestamp: 1734380604767
- conda: https://conda.anaconda.org/conda-forge/osx-arm64/cffi-1.17.1-py313hc845a76_0.conda
  sha256: 50650dfa70ccf12b9c4a117d7ef0b41895815bb7328d830d667a6ba3525b60e8
  md5: 6d24d5587a8615db33c961a4ca0a8034
  depends:
  - __osx >=11.0
  - libffi >=3.4,<4.0a0
  - pycparser
  - python >=3.13.0rc1,<3.14.0a0
  - python >=3.13.0rc1,<3.14.0a0 *_cp313
  - python_abi 3.13.* *_cp313
  arch: arm64
  platform: osx
  license: MIT
  license_family: MIT
  size: 282115
  timestamp: 1725560759157
- conda: https://conda.anaconda.org/conda-forge/noarch/cfgv-3.3.1-pyhd8ed1ab_1.conda
  sha256: d5696636733b3c301054b948cdd793f118efacce361d9bd4afb57d5980a9064f
  md5: 57df494053e17dce2ac3a0b33e1b2a2e
  depends:
  - python >=3.9
  license: MIT
  license_family: MIT
  size: 12973
  timestamp: 1734267180483
- conda: https://conda.anaconda.org/conda-forge/noarch/charset-normalizer-3.4.0-pyhd8ed1ab_1.conda
  sha256: 63022ee2c6a157a9f980250a66f54bdcdf5abee817348d0f9a74c2441a6fbf0e
  md5: 6581a17bba6b948bb60130026404a9d6
  depends:
  - python >=3.9
  license: MIT
  license_family: MIT
  size: 47533
  timestamp: 1733218182393
- conda: https://conda.anaconda.org/conda-forge/noarch/click-8.1.8-pyh707e725_0.conda
  sha256: c920d23cd1fcf565031c679adb62d848af60d6fbb0edc2d50ba475cea4f0d8ab
  md5: f22f4d4970e09d68a10b922cbb0408d3
  depends:
  - __unix
  - python >=3.9
  license: BSD-3-Clause
  license_family: BSD
  size: 84705
  timestamp: 1734858922844
- conda: https://conda.anaconda.org/conda-forge/noarch/colorama-0.4.6-pyhd8ed1ab_1.conda
  sha256: ab29d57dc70786c1269633ba3dff20288b81664d3ff8d21af995742e2bb03287
  md5: 962b9857ee8e7018c22f2776ffa0b2d7
  depends:
  - python >=3.9
  license: BSD-3-Clause
  license_family: BSD
  size: 27011
  timestamp: 1733218222191
- conda: https://conda.anaconda.org/conda-forge/osx-arm64/coverage-7.6.10-py313ha9b7d5b_0.conda
  sha256: 276f3b2591bb78ded4d579014c9e7c17b08d31657cbd925e20e860ca81ffa5ce
  md5: 3cfcb6a0e061db97eb8ca9b603251956
  depends:
  - __osx >=11.0
  - python >=3.13,<3.14.0a0
  - python >=3.13,<3.14.0a0 *_cp313
  - python_abi 3.13.* *_cp313
  - tomli
  arch: arm64
  platform: osx
  license: Apache-2.0
  size: 371467
  timestamp: 1735245368381
- conda: https://conda.anaconda.org/conda-forge/noarch/distlib-0.3.9-pyhd8ed1ab_1.conda
  sha256: 0e160c21776bd881b79ce70053e59736f51036784fa43a50da10a04f0c1b9c45
  md5: 8d88f4a2242e6b96f9ecff9a6a05b2f1
  depends:
  - python >=3.9
  license: Apache-2.0
  license_family: APACHE
  size: 274151
  timestamp: 1733238487461
- conda: https://conda.anaconda.org/conda-forge/noarch/exceptiongroup-1.2.2-pyhd8ed1ab_1.conda
  sha256: cbde2c64ec317118fc06b223c5fd87c8a680255e7348dd60e7b292d2e103e701
  md5: a16662747cdeb9abbac74d0057cc976e
  depends:
  - python >=3.9
  license: MIT and PSF-2.0
  size: 20486
  timestamp: 1733208916977
- conda: https://conda.anaconda.org/conda-forge/noarch/filelock-3.16.1-pyhd8ed1ab_1.conda
  sha256: 18dca6e2194732df7ebf824abaefe999e4765ebe8e8a061269406ab88fc418b9
  md5: d692e9ba6f92dc51484bf3477e36ce7c
  depends:
  - python >=3.9
  license: Unlicense
  size: 17441
  timestamp: 1733240909987
- conda: https://conda.anaconda.org/conda-forge/noarch/flake8-7.1.1-pyhd8ed1ab_1.conda
  sha256: 0ae3828483668c892cf3e8d4d81cb1c47a9d2bf534766b8206f6e12ef48c843f
  md5: c43926857c0c7ba1a29c8c4a221a5e78
  depends:
  - mccabe >=0.7.0,<0.8.0
  - pycodestyle >=2.12.0,<2.13.0
  - pyflakes >=3.2.0,<3.3.0
  - python >=3.9
  license: MIT
  license_family: MIT
  size: 111177
  timestamp: 1733246798462
- conda: https://conda.anaconda.org/conda-forge/noarch/h2-4.1.0-pyhd8ed1ab_1.conda
  sha256: 843ddad410c370672a8250470697027618f104153612439076d4d7b91eeb7b5c
  md5: 825927dc7b0f287ef8d4d0011bb113b1
  depends:
  - hpack >=4.0,<5
  - hyperframe >=6.0,<7
  - python >=3.9
  license: MIT
  license_family: MIT
  size: 52000
  timestamp: 1733298867359
- conda: https://conda.anaconda.org/conda-forge/noarch/hpack-4.0.0-pyhd8ed1ab_1.conda
  sha256: ec89b7e5b8aa2f0219f666084446e1fb7b54545861e9caa892acb24d125761b5
  md5: 2aa5ff7fa34a81b9196532c84c10d865
  depends:
  - python >=3.9
  license: MIT
  license_family: MIT
  size: 29412
  timestamp: 1733299296857
- conda: https://conda.anaconda.org/conda-forge/noarch/hyperframe-6.0.1-pyhd8ed1ab_1.conda
  sha256: e91c6ef09d076e1d9a02819cd00fa7ee18ecf30cdd667605c853980216584d1b
  md5: 566e75c90c1d0c8c459eb0ad9833dc7a
  depends:
  - python >=3.9
  license: MIT
  license_family: MIT
  size: 17239
  timestamp: 1733298862681
- conda: https://conda.anaconda.org/conda-forge/noarch/identify-2.6.4-pyhd8ed1ab_0.conda
  sha256: 8acc3bfc7781ea1ddc8c013faff5106a0539e5671e31bee0d81011a1e2df20d8
  md5: 5ec16e7ad9bab911ff0696940953f505
  depends:
  - python >=3.9
  - ukkonen
  license: MIT
  license_family: MIT
  size: 78570
  timestamp: 1735518781514
- conda: https://conda.anaconda.org/conda-forge/noarch/idna-3.10-pyhd8ed1ab_1.conda
  sha256: d7a472c9fd479e2e8dcb83fb8d433fce971ea369d704ece380e876f9c3494e87
  md5: 39a4f67be3286c86d696df570b1201b7
  depends:
  - python >=3.9
  license: BSD-3-Clause
  license_family: BSD
  size: 49765
  timestamp: 1733211921194
- conda: https://conda.anaconda.org/conda-forge/noarch/iniconfig-2.0.0-pyhd8ed1ab_1.conda
  sha256: 0ec8f4d02053cd03b0f3e63168316530949484f80e16f5e2fb199a1d117a89ca
  md5: 6837f3eff7dcea42ecd714ce1ac2b108
  depends:
  - python >=3.9
  license: MIT
  license_family: MIT
  size: 11474
  timestamp: 1733223232820
- conda: https://conda.anaconda.org/conda-forge/osx-arm64/libcxx-19.1.6-ha82da77_1.conda
  sha256: 2b2443404503cd862385fd2f2a2c73f9624686fd1e5a45050b4034cfc06904ec
  md5: ce5252d8db110cdb4ae4173d0a63c7c5
  depends:
  - __osx >=11.0
  arch: arm64
  platform: osx
  license: Apache-2.0 WITH LLVM-exception
  license_family: Apache
  size: 520992
  timestamp: 1734494699681
- conda: https://conda.anaconda.org/conda-forge/osx-arm64/libexpat-2.6.4-h286801f_0.conda
  sha256: e42ab5ace927ee7c84e3f0f7d813671e1cf3529f5f06ee5899606630498c2745
  md5: 38d2656dd914feb0cab8c629370768bf
  depends:
  - __osx >=11.0
  constrains:
  - expat 2.6.4.*
  arch: arm64
  platform: osx
  license: MIT
  license_family: MIT
  size: 64693
  timestamp: 1730967175868
- conda: https://conda.anaconda.org/conda-forge/osx-arm64/libffi-3.4.2-h3422bc3_5.tar.bz2
  sha256: 41b3d13efb775e340e4dba549ab5c029611ea6918703096b2eaa9c015c0750ca
  md5: 086914b672be056eb70fd4285b6783b6
  arch: arm64
  platform: osx
  license: MIT
  license_family: MIT
  size: 39020
  timestamp: 1636488587153
- conda: https://conda.anaconda.org/conda-forge/osx-arm64/liblzma-5.6.3-h39f12f2_1.conda
  sha256: d863b8257406918ffdc50ae65502f2b2d6cede29404d09a094f59509d6a0aaf1
  md5: b2553114a7f5e20ccd02378a77d836aa
  depends:
  - __osx >=11.0
  arch: arm64
  platform: osx
  license: 0BSD
  size: 99129
  timestamp: 1733407496073
- conda: https://conda.anaconda.org/conda-forge/osx-arm64/libmpdec-4.0.0-h99b78c6_0.conda
  sha256: f7917de9117d3a5fe12a39e185c7ce424f8d5010a6f97b4333e8a1dcb2889d16
  md5: 7476305c35dd9acef48da8f754eedb40
  depends:
  - __osx >=11.0
  arch: arm64
  platform: osx
  license: BSD-2-Clause
  license_family: BSD
  size: 69263
  timestamp: 1723817629767
- conda: https://conda.anaconda.org/conda-forge/osx-arm64/libsqlite-3.47.2-h3f77e49_0.conda
  sha256: f192f3c8973de9ec4c214990715f13b781965247a5cedf9162e7f9e699cfc3c4
  md5: 122d6f29470f1a991e85608e77e56a8a
  depends:
  - __osx >=11.0
  - libzlib >=1.3.1,<2.0a0
  arch: arm64
  platform: osx
  license: Unlicense
  size: 850553
  timestamp: 1733762057506
- conda: https://conda.anaconda.org/conda-forge/osx-arm64/libzlib-1.3.1-h8359307_2.conda
  sha256: ce34669eadaba351cd54910743e6a2261b67009624dbc7daeeafdef93616711b
  md5: 369964e85dc26bfe78f41399b366c435
  depends:
  - __osx >=11.0
  constrains:
  - zlib 1.3.1 *_2
  arch: arm64
  platform: osx
  license: Zlib
  license_family: Other
  size: 46438
  timestamp: 1727963202283
- conda: https://conda.anaconda.org/conda-forge/noarch/markdown-it-py-3.0.0-pyhd8ed1ab_1.conda
  sha256: 0fbacdfb31e55964152b24d5567e9a9996e1e7902fb08eb7d91b5fd6ce60803a
  md5: fee3164ac23dfca50cfcc8b85ddefb81
  depends:
  - mdurl >=0.1,<1
  - python >=3.9
  license: MIT
  license_family: MIT
  size: 64430
  timestamp: 1733250550053
- conda: https://conda.anaconda.org/conda-forge/noarch/mccabe-0.7.0-pyhd8ed1ab_1.conda
  sha256: 9b0037171dad0100f0296699a11ae7d355237b55f42f9094aebc0f41512d96a1
  md5: 827064ddfe0de2917fb29f1da4f8f533
  depends:
  - python >=3.9
  license: MIT
  license_family: MIT
  size: 12934
  timestamp: 1733216573915
- conda: https://conda.anaconda.org/conda-forge/noarch/mdurl-0.1.2-pyhd8ed1ab_1.conda
  sha256: 78c1bbe1723449c52b7a9df1af2ee5f005209f67e40b6e1d3c7619127c43b1c7
  md5: 592132998493b3ff25fd7479396e8351
  depends:
  - python >=3.9
  license: MIT
  license_family: MIT
  size: 14465
  timestamp: 1733255681319
- conda: https://conda.anaconda.org/conda-forge/noarch/mock-5.1.0-pyhd8ed1ab_1.conda
  sha256: 82b0982b1a6954c3d578b09a2972f93663741e63f1b47171bda1c9c572160a68
  md5: 122a03a9cb7918df2c1dee7fc3c0b921
  depends:
  - python >=3.9
  license: BSD-2-Clause
  license_family: BSD
  size: 33578
  timestamp: 1733235516857
- conda: https://conda.anaconda.org/conda-forge/noarch/mypy_extensions-1.0.0-pyha770c72_1.conda
  sha256: 1895f47b7d68581a6facde5cb13ab8c2764c2e53a76bd746f8f98910dc4e08fe
  md5: 29097e7ea634a45cc5386b95cac6568f
  depends:
  - python >=3.9
  license: MIT
  license_family: MIT
  size: 10854
  timestamp: 1733230986902
- conda: https://conda.anaconda.org/conda-forge/osx-arm64/ncurses-6.5-h7bae524_1.conda
  sha256: 27d0b9ff78ad46e1f3a6c96c479ab44beda5f96def88e2fe626e0a49429d8afc
  md5: cb2b0ea909b97b3d70cd3921d1445e1a
  depends:
  - __osx >=11.0
  arch: arm64
  platform: osx
  license: X11 AND BSD-3-Clause
  size: 802321
  timestamp: 1724658775723
- conda: https://conda.anaconda.org/conda-forge/noarch/nodeenv-1.9.1-pyhd8ed1ab_1.conda
  sha256: 3636eec0e60466a00069b47ce94b6d88b01419b6577d8e393da44bb5bc8d3468
  md5: 7ba3f09fceae6a120d664217e58fe686
  depends:
  - python >=3.9
  - setuptools
  license: BSD-3-Clause
  license_family: BSD
  size: 34574
  timestamp: 1734112236147
- conda: https://conda.anaconda.org/conda-forge/osx-arm64/openssl-3.4.0-h39f12f2_0.conda
  sha256: bd1d58ced46e75efa3b842c61642fd12272c69e9fe4d7261078bc082153a1d53
  md5: df307bbc703324722df0293c9ca2e418
  depends:
  - __osx >=11.0
  - ca-certificates
  arch: arm64
  platform: osx
  license: Apache-2.0
  license_family: Apache
  size: 2935176
  timestamp: 1731377561525
- conda: https://conda.anaconda.org/conda-forge/noarch/packaging-24.2-pyhd8ed1ab_2.conda
  sha256: da157b19bcd398b9804c5c52fc000fcb8ab0525bdb9c70f95beaa0bb42f85af1
  md5: 3bfed7e6228ebf2f7b9eaa47f1b4e2aa
  depends:
  - python >=3.8
  license: Apache-2.0
  license_family: APACHE
  size: 60164
  timestamp: 1733203368787
- conda: https://conda.anaconda.org/conda-forge/noarch/pathspec-0.12.1-pyhd8ed1ab_1.conda
  sha256: 9f64009cdf5b8e529995f18e03665b03f5d07c0b17445b8badef45bde76249ee
  md5: 617f15191456cc6a13db418a275435e5
  depends:
  - python >=3.9
  license: MPL-2.0
  license_family: MOZILLA
  size: 41075
  timestamp: 1733233471940
- conda: https://conda.anaconda.org/conda-forge/noarch/platformdirs-4.3.6-pyhd8ed1ab_1.conda
  sha256: bb50f6499e8bc1d1a26f17716c97984671121608dc0c3ecd34858112bce59a27
  md5: 577852c7e53901ddccc7e6a9959ddebe
  depends:
  - python >=3.9
  license: MIT
  license_family: MIT
  size: 20448
  timestamp: 1733232756001
- conda: https://conda.anaconda.org/conda-forge/noarch/pluggy-1.5.0-pyhd8ed1ab_1.conda
  sha256: 122433fc5318816b8c69283aaf267c73d87aa2d09ce39f64c9805c9a3b264819
  md5: e9dcbce5f45f9ee500e728ae58b605b6
  depends:
  - python >=3.9
  license: MIT
  license_family: MIT
  size: 23595
  timestamp: 1733222855563
- conda: https://conda.anaconda.org/conda-forge/noarch/pre-commit-4.0.1-pyha770c72_1.conda
  sha256: 3cfe4c777f1bb3f869cefd732357c7c657df7f0bba5c11cd64ced21e0b0a2b5b
  md5: d0ea6ed474bf7f6db88fc85e6dc809b1
  depends:
  - cfgv >=2.0.0
  - identify >=1.0.0
  - nodeenv >=0.11.1
  - python >=3.9
  - pyyaml >=5.1
  - virtualenv >=20.10.0
  license: MIT
  license_family: MIT
  size: 193591
  timestamp: 1734267205422
- conda: https://conda.anaconda.org/conda-forge/noarch/pycodestyle-2.12.1-pyhd8ed1ab_1.conda
  sha256: 8671d9dcbf458adb6435616ded0fd71925f0fa1b074528604db2f64fac54bf52
  md5: e895db5e6cee923018cbb1656c8ca7fa
  depends:
  - python >=3.9
  license: MIT
  license_family: MIT
  size: 34350
  timestamp: 1733216302933
- conda: https://conda.anaconda.org/conda-forge/noarch/pycparser-2.22-pyh29332c3_1.conda
  sha256: 79db7928d13fab2d892592223d7570f5061c192f27b9febd1a418427b719acc6
  md5: 12c566707c80111f9799308d9e265aef
  depends:
  - python >=3.9
  - python
  license: BSD-3-Clause
  license_family: BSD
  size: 110100
  timestamp: 1733195786147
- conda: https://conda.anaconda.org/conda-forge/noarch/pyflakes-3.2.0-pyhd8ed1ab_1.conda
  sha256: 22aa7a4d67c3907da5bbf2b97dbe34061c390ea7ba99e9d75ee581956270e129
  md5: 4731450b2c059fc567696242bcb7fc05
  depends:
  - python >=3.9
  license: MIT
  license_family: MIT
  size: 58379
  timestamp: 1733216158448
- conda: https://conda.anaconda.org/conda-forge/noarch/pygments-2.18.0-pyhd8ed1ab_1.conda
  sha256: 0d6133545f268b2b89c2617c196fc791f365b538d4057ecd636d658c3b1e885d
  md5: b38dc0206e2a530e5c2cf11dc086b31a
  depends:
  - python >=3.9
  license: BSD-2-Clause
  license_family: BSD
  size: 876700
  timestamp: 1733221731178
- conda: https://conda.anaconda.org/conda-forge/noarch/pysocks-1.7.1-pyha55dd90_7.conda
  sha256: ba3b032fa52709ce0d9fd388f63d330a026754587a2f461117cac9ab73d8d0d8
  md5: 461219d1a5bd61342293efa2c0c90eac
  depends:
  - __unix
  - python >=3.9
  license: BSD-3-Clause
  license_family: BSD
  size: 21085
  timestamp: 1733217331982
- conda: https://conda.anaconda.org/conda-forge/noarch/pytest-8.3.4-pyhd8ed1ab_1.conda
  sha256: 75245ca9d0cbd6d38bb45ec02430189a9d4c21c055c5259739d738a2298d61b3
  md5: 799ed216dc6af62520f32aa39bc1c2bb
  depends:
  - colorama
  - exceptiongroup >=1.0.0rc8
  - iniconfig
  - packaging
  - pluggy <2,>=1.5
  - python >=3.9
  - tomli >=1
  constrains:
  - pytest-faulthandler >=2
  license: MIT
  license_family: MIT
  size: 259195
  timestamp: 1733217599806
- conda: https://conda.anaconda.org/conda-forge/noarch/pytest-cov-6.0.0-pyhd8ed1ab_1.conda
  sha256: 09acac1974e10a639415be4be326dd21fa6d66ca51a01fb71532263fba6dccf6
  md5: 79963c319d1be62c8fd3e34555816e01
  depends:
  - coverage >=7.5
  - pytest >=4.6
  - python >=3.9
  - toml
  license: MIT
  license_family: MIT
  size: 26256
  timestamp: 1733223113491
- conda: https://conda.anaconda.org/conda-forge/osx-arm64/python-3.13.1-h4f43103_102_cp313.conda
  build_number: 102
  sha256: 0379adf6bb35ca47036860983701e8f6fae89c028d422f2b9439f3110893bc24
  md5: 8c65c1dfc98312ef8666dbb7c7fc47ca
  depends:
  - __osx >=11.0
  - bzip2 >=1.0.8,<2.0a0
  - libexpat >=2.6.4,<3.0a0
  - libffi >=3.4,<4.0a0
  - liblzma >=5.6.3,<6.0a0
  - libmpdec >=4.0.0,<5.0a0
  - libsqlite >=3.47.0,<4.0a0
  - libzlib >=1.3.1,<2.0a0
  - ncurses >=6.5,<7.0a0
  - openssl >=3.4.0,<4.0a0
  - python_abi 3.13.* *_cp313
  - readline >=8.2,<9.0a0
  - tk >=8.6.13,<8.7.0a0
  - tzdata
  arch: arm64
  platform: osx
  license: Python-2.0
  size: 12905237
  timestamp: 1733433280639
- conda: https://conda.anaconda.org/conda-forge/osx-arm64/python_abi-3.13-5_cp313.conda
  build_number: 5
  sha256: 4437198eae80310f40b23ae2f8a9e0a7e5c2b9ae411a8621eb03d87273666199
  md5: b8e82d0a5c1664638f87f63cc5d241fb
  constrains:
  - python 3.13.* *_cp313
  arch: arm64
  platform: osx
  license: BSD-3-Clause
  license_family: BSD
  size: 6322
  timestamp: 1723823058879
- conda: https://conda.anaconda.org/conda-forge/osx-arm64/pyyaml-6.0.2-py313h20a7fcf_1.conda
  sha256: f9fbafcf30cfab591c67f7550c0fd58e2bff394b53864dcdc658f5abd27ce5d6
  md5: bf2ddf70a9ce8f899b1082d17cbb3d1d
  depends:
  - __osx >=11.0
  - python >=3.13.0rc1,<3.14.0a0
  - python >=3.13.0rc1,<3.14.0a0 *_cp313
  - python_abi 3.13.* *_cp313
  - yaml >=0.2.5,<0.3.0a0
  arch: arm64
  platform: osx
  license: MIT
  license_family: MIT
  size: 187550
  timestamp: 1725456463634
- conda: https://conda.anaconda.org/conda-forge/osx-arm64/readline-8.2-h92ec313_1.conda
  sha256: a1dfa679ac3f6007362386576a704ad2d0d7a02e98f5d0b115f207a2da63e884
  md5: 8cbb776a2f641b943d413b3e19df71f4
  depends:
  - ncurses >=6.3,<7.0a0
  arch: arm64
  platform: osx
  license: GPL-3.0-only
  license_family: GPL
  size: 250351
  timestamp: 1679532511311
- conda: https://conda.anaconda.org/conda-forge/noarch/requests-2.32.3-pyhd8ed1ab_1.conda
  sha256: d701ca1136197aa121bbbe0e8c18db6b5c94acbd041c2b43c70e5ae104e1d8ad
  md5: a9b9368f3701a417eac9edbcae7cb737
  depends:
  - certifi >=2017.4.17
  - charset-normalizer >=2,<4
  - idna >=2.5,<4
  - python >=3.9
  - urllib3 >=1.21.1,<3
  constrains:
  - chardet >=3.0.2,<6
  license: Apache-2.0
  license_family: APACHE
  size: 58723
  timestamp: 1733217126197
- conda: https://conda.anaconda.org/conda-forge/noarch/rich-13.9.4-pyhd8ed1ab_1.conda
  sha256: 06a760c5ae572e72e865d5a87e9fe3cc171e1a9c996e63daf3db52ff1a0b4457
  md5: 7aed65d4ff222bfb7335997aa40b7da5
  depends:
  - markdown-it-py >=2.2.0
  - pygments >=2.13.0,<3.0.0
  - python >=3.9
  - typing_extensions >=4.0.0,<5.0.0
  license: MIT
  license_family: MIT
  size: 185646
  timestamp: 1733342347277
- conda: https://conda.anaconda.org/conda-forge/noarch/setuptools-75.6.0-pyhff2d567_1.conda
  sha256: abb12e1dd515b13660aacb5d0fd43835bc2186cab472df25b7716cd65e095111
  md5: fc80f7995e396cbaeabd23cf46c413dc
  depends:
  - python >=3.9
  license: MIT
  license_family: MIT
  size: 774252
  timestamp: 1732632769210
- conda: https://conda.anaconda.org/conda-forge/noarch/shellingham-1.5.4-pyhd8ed1ab_1.conda
  sha256: 0557c090913aa63cdbe821dbdfa038a321b488e22bc80196c4b3b1aace4914ef
  md5: 7c3c2a0f3ebdea2bbc35538d162b43bf
  depends:
  - python >=3.9
  license: MIT
  license_family: MIT
  size: 14462
  timestamp: 1733301007770
- conda: https://conda.anaconda.org/conda-forge/osx-arm64/tk-8.6.13-h5083fa2_1.conda
  sha256: 72457ad031b4c048e5891f3f6cb27a53cb479db68a52d965f796910e71a403a8
  md5: b50a57ba89c32b62428b71a875291c9b
  depends:
  - libzlib >=1.2.13,<2.0.0a0
  arch: arm64
  platform: osx
  license: TCL
  license_family: BSD
  size: 3145523
  timestamp: 1699202432999
- conda: https://conda.anaconda.org/conda-forge/noarch/toml-0.10.2-pyhd8ed1ab_1.conda
  sha256: 34f3a83384ac3ac30aefd1309e69498d8a4aa0bf2d1f21c645f79b180e378938
  md5: b0dd904de08b7db706167240bf37b164
  depends:
  - python >=3.9
  license: MIT
  license_family: MIT
  size: 22132
  timestamp: 1734091907682
- conda: https://conda.anaconda.org/conda-forge/noarch/tomli-2.2.1-pyhd8ed1ab_1.conda
  sha256: 18636339a79656962723077df9a56c0ac7b8a864329eb8f847ee3d38495b863e
  md5: ac944244f1fed2eb49bae07193ae8215
  depends:
  - python >=3.9
  license: MIT
  license_family: MIT
  size: 19167
  timestamp: 1733256819729
- conda: https://conda.anaconda.org/conda-forge/noarch/typer-0.15.1-pyhd8ed1ab_0.conda
  sha256: ef695490e895c2ad552c77ec497b899b09fd4ad4ab07edcf5649f5994cf92a35
  md5: 170a0398946d8f5b454e592672b6fc20
  depends:
  - python >=3.9
  - typer-slim-standard 0.15.1 hd8ed1ab_0
  license: MIT
  license_family: MIT
  size: 56175
  timestamp: 1733408582623
- conda: https://conda.anaconda.org/conda-forge/noarch/typer-slim-0.15.1-pyhd8ed1ab_0.conda
  sha256: d4965516f35e0805199de6596c4ac76c4ad3d6b012be35e532102f9e53ecb860
  md5: 0218b16f5a1dd569e575a7a6415489db
  depends:
  - click >=8.0.0
  - python >=3.9
  - typing_extensions >=3.7.4.3
  constrains:
  - rich >=10.11.0
  - typer >=0.15.1,<0.15.2.0a0
  - shellingham >=1.3.0
  license: MIT
  license_family: MIT
  size: 43592
  timestamp: 1733408569554
- conda: https://conda.anaconda.org/conda-forge/noarch/typer-slim-standard-0.15.1-hd8ed1ab_0.conda
  sha256: f31c56fe98315da8b9ce848256c17e0b9f87896b41a6ccf0c9cc74644dcef20f
  md5: 4e603c43bfdfc7b533be087c3e070cc9
  depends:
  - rich
  - shellingham
  - typer-slim 0.15.1 pyhd8ed1ab_0
  license: MIT
  license_family: MIT
  size: 49531
  timestamp: 1733408570063
- conda: https://conda.anaconda.org/conda-forge/noarch/typing_extensions-4.12.2-pyha770c72_1.conda
  sha256: 337be7af5af8b2817f115b3b68870208b30c31d3439bec07bfb2d8f4823e3568
  md5: d17f13df8b65464ca316cbc000a3cb64
  depends:
  - python >=3.9
  license: PSF-2.0
  license_family: PSF
  size: 39637
  timestamp: 1733188758212
- conda: https://conda.anaconda.org/conda-forge/noarch/tzdata-2024b-hc8b5060_0.conda
  sha256: 4fde5c3008bf5d2db82f2b50204464314cc3c91c1d953652f7bd01d9e52aefdf
  md5: 8ac3367aafb1cc0a068483c580af8015
  license: LicenseRef-Public-Domain
  size: 122354
  timestamp: 1728047496079
- conda: https://conda.anaconda.org/conda-forge/osx-arm64/ukkonen-1.0.1-py313hf9c7212_5.conda
  sha256: 482eac475928c031948790647ae10c2cb1d4a779c2e8f35f5fd1925561b13203
  md5: 8ddba23e26957f0afe5fc9236c73124a
  depends:
  - __osx >=11.0
  - cffi
  - libcxx >=17
  - python >=3.13.0rc1,<3.14.0a0
  - python >=3.13.0rc1,<3.14.0a0 *_cp313
  - python_abi 3.13.* *_cp313
  arch: arm64
  platform: osx
  license: MIT
  license_family: MIT
  size: 13689
  timestamp: 1725784235751
- conda: https://conda.anaconda.org/conda-forge/noarch/urllib3-2.3.0-pyhd8ed1ab_0.conda
  sha256: 114919ffa80c328127dab9c8e7a38f9d563c617691fb81fccb11c1e86763727e
  md5: 32674f8dbfb7b26410ed580dd3c10a29
  depends:
  - brotli-python >=1.0.9
  - h2 >=4,<5
  - pysocks >=1.5.6,<2.0,!=1.5.7
  - python >=3.9
  - zstandard >=0.18.0
  license: MIT
  license_family: MIT
  size: 100102
  timestamp: 1734859520452
- conda: https://conda.anaconda.org/conda-forge/noarch/virtualenv-20.28.0-pyhd8ed1ab_0.conda
  sha256: 82776f74e90a296b79415361faa6b10f360755c1fb8e6d59ca68509e6fe7e115
  md5: 1d601bc1d28b5ce6d112b90f4b9b8ede
  depends:
  - distlib >=0.3.7,<1
  - filelock >=3.12.2,<4
  - platformdirs >=3.9.1,<5
  - python >=3.9
  license: MIT
  license_family: MIT
  size: 3350255
  timestamp: 1732609542072
- conda: https://conda.anaconda.org/conda-forge/osx-arm64/yaml-0.2.5-h3422bc3_2.tar.bz2
  sha256: 93181a04ba8cfecfdfb162fc958436d868cc37db504c58078eab4c1a3e57fbb7
  md5: 4bb3f014845110883a3c5ee811fd84b4
  arch: arm64
  platform: osx
  license: MIT
  license_family: MIT
  size: 88016
  timestamp: 1641347076660
- conda: https://conda.anaconda.org/conda-forge/osx-arm64/zstandard-0.23.0-py313hf2da073_1.conda
  sha256: 12b4e34acff24d291e2626c6610dfd819b8d99a461025ae59affcb6e84bc1d57
  md5: deebca66926691fadaaf16da05ecb5f9
  depends:
  - __osx >=11.0
  - cffi >=1.11
  - python >=3.13.0rc1,<3.14.0a0
  - python >=3.13.0rc1,<3.14.0a0 *_cp313
  - python_abi 3.13.* *_cp313
  - zstd >=1.5.6,<1.5.7.0a0
  - zstd >=1.5.6,<1.6.0a0
  arch: arm64
  platform: osx
  license: BSD-3-Clause
  license_family: BSD
  size: 336496
  timestamp: 1725305912716
- conda: https://conda.anaconda.org/conda-forge/osx-arm64/zstd-1.5.6-hb46c0d2_0.conda
  sha256: 2d4fd1ff7ee79cd954ca8e81abf11d9d49954dd1fef80f27289e2402ae9c2e09
  md5: d96942c06c3e84bfcc5efb038724a7fd
  depends:
  - __osx >=11.0
  - libzlib >=1.2.13,<2.0.0a0
  arch: arm64
  platform: osx
  license: BSD-3-Clause
  license_family: BSD
  size: 405089
  timestamp: 1714723101397
